
Microsoft Visual Studio Solution File, Format Version 12.00
# Visual Studio Version 16
VisualStudioVersion = 16.0.32630.194
MinimumVisualStudioVersion = 10.0.40219.1
Project("{2150E333-8FDC-42A3-9474-1A3956D46DE8}") = "Services", "Services", "{4259EABE-CB8D-43A6-A23E-C130BBCA9AE4}"
EndProject
Project("{2150E333-8FDC-42A3-9474-1A3956D46DE8}") = "Catalog", "Catalog", "{AB65CFFC-82E4-4478-A78D-63159A43F4BE}"
EndProject
Project("{9A19103F-16F7-4668-BE54-9A1E7A4F7556}") = "CatalogAPI", "Services\Catalog\CatalogAPI\CatalogAPI.csproj", "{1E6D1498-3173-4B6E-9CB5-39FADA0425BC}"
EndProject
Project("{2150E333-8FDC-42A3-9474-1A3956D46DE8}") = "Solution Items", "Solution Items", "{5C83E0DB-AFCA-4484-B25D-CBD77425E8A9}"
	ProjectSection(SolutionItems) = preProject
		..\..\..\..\Downloads\Coupon+PostgreSql+Commands.txt = ..\..\..\..\Downloads\Coupon+PostgreSql+Commands.txt
		Info.txt = Info.txt
		..\..\..\..\Downloads\Redis+commands.txt = ..\..\..\..\Downloads\Redis+commands.txt
		testdata.txt = testdata.txt
	EndProjectSection
EndProject
Project("{E53339B2-1760-4266-BCC7-CA923CBCF16C}") = "docker-compose", "docker-compose.dcproj", "{072B1EBA-BCB3-4212-8E88-74FBBA507444}"
EndProject
Project("{2150E333-8FDC-42A3-9474-1A3956D46DE8}") = "Basket", "Basket", "{29FD408D-0A33-45DC-BE9F-5F56FCF784FE}"
EndProject
Project("{9A19103F-16F7-4668-BE54-9A1E7A4F7556}") = "Basket.API", "Services\Basket\Basket.API\Basket.API.csproj", "{1527BB97-A9F9-497F-9B40-B64722738DEF}"
EndProject
Project("{2150E333-8FDC-42A3-9474-1A3956D46DE8}") = "Discount", "Discount", "{9BD435DB-E33E-405E-9704-7769E62DEA5C}"
EndProject
Project("{FAE04EC0-301F-11D3-BF4B-00C04F79EFBC}") = "Discount.API", "Services\Discount\Discount.API\Discount.API.csproj", "{C4D4BBA9-AA80-45A5-9976-DF60E568A4A6}"
EndProject
Project("{FAE04EC0-301F-11D3-BF4B-00C04F79EFBC}") = "Discount.GRPc", "Services\Discount\Discount.GRPc\Discount.GRPc.csproj", "{7CE1EAA9-3A1A-4669-998C-48A11AA8CF7B}"
EndProject
Global
	GlobalSection(SolutionConfigurationPlatforms) = preSolution
		Debug|Any CPU = Debug|Any CPU
		Release|Any CPU = Release|Any CPU
	EndGlobalSection
	GlobalSection(ProjectConfigurationPlatforms) = postSolution
		{1E6D1498-3173-4B6E-9CB5-39FADA0425BC}.Debug|Any CPU.ActiveCfg = Debug|Any CPU
		{1E6D1498-3173-4B6E-9CB5-39FADA0425BC}.Debug|Any CPU.Build.0 = Debug|Any CPU
		{1E6D1498-3173-4B6E-9CB5-39FADA0425BC}.Release|Any CPU.ActiveCfg = Release|Any CPU
		{1E6D1498-3173-4B6E-9CB5-39FADA0425BC}.Release|Any CPU.Build.0 = Release|Any CPU
		{072B1EBA-BCB3-4212-8E88-74FBBA507444}.Debug|Any CPU.ActiveCfg = Debug|Any CPU
		{072B1EBA-BCB3-4212-8E88-74FBBA507444}.Debug|Any CPU.Build.0 = Debug|Any CPU
		{072B1EBA-BCB3-4212-8E88-74FBBA507444}.Release|Any CPU.ActiveCfg = Release|Any CPU
		{072B1EBA-BCB3-4212-8E88-74FBBA507444}.Release|Any CPU.Build.0 = Release|Any CPU
		{1527BB97-A9F9-497F-9B40-B64722738DEF}.Debug|Any CPU.ActiveCfg = Debug|Any CPU
		{1527BB97-A9F9-497F-9B40-B64722738DEF}.Debug|Any CPU.Build.0 = Debug|Any CPU
		{1527BB97-A9F9-497F-9B40-B64722738DEF}.Release|Any CPU.ActiveCfg = Release|Any CPU
		{1527BB97-A9F9-497F-9B40-B64722738DEF}.Release|Any CPU.Build.0 = Release|Any CPU
		{C4D4BBA9-AA80-45A5-9976-DF60E568A4A6}.Debug|Any CPU.ActiveCfg = Debug|Any CPU
		{C4D4BBA9-AA80-45A5-9976-DF60E568A4A6}.Debug|Any CPU.Build.0 = Debug|Any CPU
		{C4D4BBA9-AA80-45A5-9976-DF60E568A4A6}.Release|Any CPU.ActiveCfg = Release|Any CPU
		{C4D4BBA9-AA80-45A5-9976-DF60E568A4A6}.Release|Any CPU.Build.0 = Release|Any CPU
		{7CE1EAA9-3A1A-4669-998C-48A11AA8CF7B}.Debug|Any CPU.ActiveCfg = Debug|Any CPU
		{7CE1EAA9-3A1A-4669-998C-48A11AA8CF7B}.Debug|Any CPU.Build.0 = Debug|Any CPU
		{7CE1EAA9-3A1A-4669-998C-48A11AA8CF7B}.Release|Any CPU.ActiveCfg = Release|Any CPU
		{7CE1EAA9-3A1A-4669-998C-48A11AA8CF7B}.Release|Any CPU.Build.0 = Release|Any CPU
	EndGlobalSection
	GlobalSection(SolutionProperties) = preSolution
		HideSolutionNode = FALSE
	EndGlobalSection
	GlobalSection(NestedProjects) = preSolution
		{AB65CFFC-82E4-4478-A78D-63159A43F4BE} = {4259EABE-CB8D-43A6-A23E-C130BBCA9AE4}
		{1E6D1498-3173-4B6E-9CB5-39FADA0425BC} = {AB65CFFC-82E4-4478-A78D-63159A43F4BE}
		{29FD408D-0A33-45DC-BE9F-5F56FCF784FE} = {4259EABE-CB8D-43A6-A23E-C130BBCA9AE4}
		{1527BB97-A9F9-497F-9B40-B64722738DEF} = {29FD408D-0A33-45DC-BE9F-5F56FCF784FE}
		{9BD435DB-E33E-405E-9704-7769E62DEA5C} = {4259EABE-CB8D-43A6-A23E-C130BBCA9AE4}
		{C4D4BBA9-AA80-45A5-9976-DF60E568A4A6} = {9BD435DB-E33E-405E-9704-7769E62DEA5C}
		{7CE1EAA9-3A1A-4669-998C-48A11AA8CF7B} = {9BD435DB-E33E-405E-9704-7769E62DEA5C}
	EndGlobalSection
	GlobalSection(ExtensibilityGlobals) = postSolution
		SolutionGuid = {6204E6FF-3505-4F43-90AA-E80AE761283C}
	EndGlobalSection
EndGlobal
